
Microsoft Visual Studio Solution File, Format Version 12.00
# Visual Studio Version 17
VisualStudioVersion = 17.2.32526.322
MinimumVisualStudioVersion = 10.0.40219.1
Project("{FAE04EC0-301F-11D3-BF4B-00C04F79EFBC}") = "04-cards", "04-cards\04-cards.csproj", "{F4FA8DAB-2E86-4910-9AA5-BE8ED736D34E}"
EndProject
Global
	GlobalSection(SolutionConfigurationPlatforms) = preSolution
		Debug|Any CPU = Debug|Any CPU
		Release|Any CPU = Release|Any CPU
	EndGlobalSection
	GlobalSection(ProjectConfigurationPlatforms) = postSolution
		{F4FA8DAB-2E86-4910-9AA5-BE8ED736D34E}.Debug|Any CPU.ActiveCfg = Debug|Any CPU
		{F4FA8DAB-2E86-4910-9AA5-BE8ED736D34E}.Debug|Any CPU.Build.0 = Debug|Any CPU
		{F4FA8DAB-2E86-4910-9AA5-BE8ED736D34E}.Release|Any CPU.ActiveCfg = Release|Any CPU
		{F4FA8DAB-2E86-4910-9AA5-BE8ED736D34E}.Release|Any CPU.Build.0 = Release|Any CPU
	EndGlobalSection
	GlobalSection(SolutionProperties) = preSolution
		HideSolutionNode = FALSE
	EndGlobalSection
	GlobalSection(ExtensibilityGlobals) = postSolution
		SolutionGuid = {9E19DCB0-01F2-4D66-8054-21A7DE90A6AF}
	EndGlobalSection
EndGlobal
